
Microsoft Visual Studio Solution File, Format Version 12.00
# Visual Studio Version 16
VisualStudioVersion = 16.0.30225.117
MinimumVisualStudioVersion = 10.0.40219.1
Project("{FAE04EC0-301F-11D3-BF4B-00C04F79EFBC}") = "CommonLib", "CommonLib\CommonLib.csproj", "{D8CDF989-C229-4CE8-BD34-EB702056623F}"
EndProject
Project("{FAE04EC0-301F-11D3-BF4B-00C04F79EFBC}") = "CalibrationTool", "CalibrationTool\CalibrationTool.csproj", "{7FF35285-BB3F-4A5D-BD23-9DCA37E4888A}"
EndProject
Project("{2150E333-8FDC-42A3-9474-1A3956D46DE8}") = "Solution Items", "Solution Items", "{08A169EE-D65A-4314-BA12-0560332F0C95}"
	ProjectSection(SolutionItems) = preProject
		.editorconfig = .editorconfig
		README.md = README.md
	EndProjectSection
EndProject
Project("{FAE04EC0-301F-11D3-BF4B-00C04F79EFBC}") = "MFCSoftware", "MFCSoftware\MFCSoftware.csproj", "{4F5F881D-4663-406D-BF63-8690793C25E7}"
EndProject
Project("{FAE04EC0-301F-11D3-BF4B-00C04F79EFBC}") = "SerialDataDisplay", "SerialDataDisplay\SerialDataDisplay.csproj", "{A4F4EF35-23E1-452E-A434-83BE9FF5B832}"
EndProject
Project("{FAE04EC0-301F-11D3-BF4B-00C04F79EFBC}") = "MultipleDevicesMonitor", "MultipleDevicesMonitor\MultipleDevicesMonitor.csproj", "{BBE8CAD4-2608-47E7-A651-52D3D9AA36DF}"
EndProject
Project("{FAE04EC0-301F-11D3-BF4B-00C04F79EFBC}") = "MFCSoftware.Tests", "MFCSoftware.Tests\MFCSoftware.Tests.csproj", "{0467B9B3-14E8-49A3-A210-DBE49E853FE1}"
EndProject
Project("{FAE04EC0-301F-11D3-BF4B-00C04F79EFBC}") = "CommonLib.Tests", "CommonLib.Tests\CommonLib.Tests.csproj", "{4A80A933-0381-450C-AB93-6E3FE0C8DFD4}"
EndProject
Project("{FAE04EC0-301F-11D3-BF4B-00C04F79EFBC}") = "VirtualSerialPortClient", "VirtualSerialPortClient\VirtualSerialPortClient.csproj", "{A79B17BE-F598-4E91-B2E4-93280E9BAF86}"
EndProject
Global
	GlobalSection(SolutionConfigurationPlatforms) = preSolution
		Debug|Any CPU = Debug|Any CPU
		Release|Any CPU = Release|Any CPU
	EndGlobalSection
	GlobalSection(ProjectConfigurationPlatforms) = postSolution
		{D8CDF989-C229-4CE8-BD34-EB702056623F}.Debug|Any CPU.ActiveCfg = Debug|Any CPU
		{D8CDF989-C229-4CE8-BD34-EB702056623F}.Debug|Any CPU.Build.0 = Debug|Any CPU
		{D8CDF989-C229-4CE8-BD34-EB702056623F}.Release|Any CPU.ActiveCfg = Release|Any CPU
		{D8CDF989-C229-4CE8-BD34-EB702056623F}.Release|Any CPU.Build.0 = Release|Any CPU
		{7FF35285-BB3F-4A5D-BD23-9DCA37E4888A}.Debug|Any CPU.ActiveCfg = Debug|Any CPU
		{7FF35285-BB3F-4A5D-BD23-9DCA37E4888A}.Debug|Any CPU.Build.0 = Debug|Any CPU
		{7FF35285-BB3F-4A5D-BD23-9DCA37E4888A}.Release|Any CPU.ActiveCfg = Release|Any CPU
		{7FF35285-BB3F-4A5D-BD23-9DCA37E4888A}.Release|Any CPU.Build.0 = Release|Any CPU
		{4F5F881D-4663-406D-BF63-8690793C25E7}.Debug|Any CPU.ActiveCfg = Debug|Any CPU
		{4F5F881D-4663-406D-BF63-8690793C25E7}.Debug|Any CPU.Build.0 = Debug|Any CPU
		{4F5F881D-4663-406D-BF63-8690793C25E7}.Release|Any CPU.ActiveCfg = Release|Any CPU
		{4F5F881D-4663-406D-BF63-8690793C25E7}.Release|Any CPU.Build.0 = Release|Any CPU
		{A4F4EF35-23E1-452E-A434-83BE9FF5B832}.Debug|Any CPU.ActiveCfg = Debug|Any CPU
		{A4F4EF35-23E1-452E-A434-83BE9FF5B832}.Debug|Any CPU.Build.0 = Debug|Any CPU
		{A4F4EF35-23E1-452E-A434-83BE9FF5B832}.Release|Any CPU.ActiveCfg = Release|Any CPU
		{A4F4EF35-23E1-452E-A434-83BE9FF5B832}.Release|Any CPU.Build.0 = Release|Any CPU
		{BBE8CAD4-2608-47E7-A651-52D3D9AA36DF}.Debug|Any CPU.ActiveCfg = Debug|Any CPU
		{BBE8CAD4-2608-47E7-A651-52D3D9AA36DF}.Debug|Any CPU.Build.0 = Debug|Any CPU
		{BBE8CAD4-2608-47E7-A651-52D3D9AA36DF}.Release|Any CPU.ActiveCfg = Release|Any CPU
		{BBE8CAD4-2608-47E7-A651-52D3D9AA36DF}.Release|Any CPU.Build.0 = Release|Any CPU
		{0467B9B3-14E8-49A3-A210-DBE49E853FE1}.Debug|Any CPU.ActiveCfg = Debug|Any CPU
		{0467B9B3-14E8-49A3-A210-DBE49E853FE1}.Debug|Any CPU.Build.0 = Debug|Any CPU
		{0467B9B3-14E8-49A3-A210-DBE49E853FE1}.Release|Any CPU.ActiveCfg = Release|Any CPU
		{0467B9B3-14E8-49A3-A210-DBE49E853FE1}.Release|Any CPU.Build.0 = Release|Any CPU
		{4A80A933-0381-450C-AB93-6E3FE0C8DFD4}.Debug|Any CPU.ActiveCfg = Debug|Any CPU
		{4A80A933-0381-450C-AB93-6E3FE0C8DFD4}.Debug|Any CPU.Build.0 = Debug|Any CPU
		{4A80A933-0381-450C-AB93-6E3FE0C8DFD4}.Release|Any CPU.ActiveCfg = Release|Any CPU
		{4A80A933-0381-450C-AB93-6E3FE0C8DFD4}.Release|Any CPU.Build.0 = Release|Any CPU
		{A79B17BE-F598-4E91-B2E4-93280E9BAF86}.Debug|Any CPU.ActiveCfg = Debug|Any CPU
		{A79B17BE-F598-4E91-B2E4-93280E9BAF86}.Debug|Any CPU.Build.0 = Debug|Any CPU
		{A79B17BE-F598-4E91-B2E4-93280E9BAF86}.Release|Any CPU.ActiveCfg = Release|Any CPU
		{A79B17BE-F598-4E91-B2E4-93280E9BAF86}.Release|Any CPU.Build.0 = Release|Any CPU
	EndGlobalSection
	GlobalSection(SolutionProperties) = preSolution
		HideSolutionNode = FALSE
	EndGlobalSection
	GlobalSection(ExtensibilityGlobals) = postSolution
		SolutionGuid = {EDEE4E81-2F79-464A-9ADC-74F97EFB140D}
	EndGlobalSection
EndGlobal
