
Microsoft Visual Studio Solution File, Format Version 12.00
# Visual Studio Version 16
VisualStudioVersion = 16.0.30225.117
MinimumVisualStudioVersion = 10.0.40219.1
Project("{FAE04EC0-301F-11D3-BF4B-00C04F79EFBC}") = "CommonLib", "CommonLib\CommonLib.csproj", "{D8CDF989-C229-4CE8-BD34-EB702056623F}"
EndProject
Project("{FAE04EC0-301F-11D3-BF4B-00C04F79EFBC}") = "MFDCalibrationTool", "CalibrationTool\MFDCalibrationTool.csproj", "{7FF35285-BB3F-4A5D-BD23-9DCA37E4888A}"
EndProject
Project("{2150E333-8FDC-42A3-9474-1A3956D46DE8}") = "Solution Items", "Solution Items", "{08A169EE-D65A-4314-BA12-0560332F0C95}"
	ProjectSection(SolutionItems) = preProject
		README.md = README.md
	EndProjectSection
EndProject
Project("{FAE04EC0-301F-11D3-BF4B-00C04F79EFBC}") = "MFMCalibrationTool", "MFMCalibrationTool\MFMCalibrationTool.csproj", "{257422C0-9E15-4E8C-9863-232713C3F3EB}"
EndProject
Project("{2150E333-8FDC-42A3-9474-1A3956D46DE8}") = "配置文件", "配置文件", "{00C1EEE2-2EEB-4D64-94E0-C87D2CEA15EC}"
EndProject
Project("{2150E333-8FDC-42A3-9474-1A3956D46DE8}") = "MFD配置", "MFD配置", "{E43673E7-C2BE-4302-8B1C-4233E3685252}"
EndProject
Project("{2150E333-8FDC-42A3-9474-1A3956D46DE8}") = "MFM配置", "MFM配置", "{E432CA78-F582-4783-A3F2-FACBCEA2E5B5}"
	ProjectSection(SolutionItems) = preProject
		MFMCalibrationTool\Configs\commands.xml = MFMCalibrationTool\Configs\commands.xml
	EndProjectSection
EndProject
Global
	GlobalSection(SolutionConfigurationPlatforms) = preSolution
		Debug|Any CPU = Debug|Any CPU
		Release|Any CPU = Release|Any CPU
	EndGlobalSection
	GlobalSection(ProjectConfigurationPlatforms) = postSolution
		{D8CDF989-C229-4CE8-BD34-EB702056623F}.Debug|Any CPU.ActiveCfg = Debug|Any CPU
		{D8CDF989-C229-4CE8-BD34-EB702056623F}.Debug|Any CPU.Build.0 = Debug|Any CPU
		{D8CDF989-C229-4CE8-BD34-EB702056623F}.Release|Any CPU.ActiveCfg = Release|Any CPU
		{D8CDF989-C229-4CE8-BD34-EB702056623F}.Release|Any CPU.Build.0 = Release|Any CPU
		{7FF35285-BB3F-4A5D-BD23-9DCA37E4888A}.Debug|Any CPU.ActiveCfg = Debug|Any CPU
		{7FF35285-BB3F-4A5D-BD23-9DCA37E4888A}.Debug|Any CPU.Build.0 = Debug|Any CPU
		{7FF35285-BB3F-4A5D-BD23-9DCA37E4888A}.Release|Any CPU.ActiveCfg = Release|Any CPU
		{7FF35285-BB3F-4A5D-BD23-9DCA37E4888A}.Release|Any CPU.Build.0 = Release|Any CPU
		{257422C0-9E15-4E8C-9863-232713C3F3EB}.Debug|Any CPU.ActiveCfg = Debug|Any CPU
		{257422C0-9E15-4E8C-9863-232713C3F3EB}.Debug|Any CPU.Build.0 = Debug|Any CPU
		{257422C0-9E15-4E8C-9863-232713C3F3EB}.Release|Any CPU.ActiveCfg = Release|Any CPU
		{257422C0-9E15-4E8C-9863-232713C3F3EB}.Release|Any CPU.Build.0 = Release|Any CPU
	EndGlobalSection
	GlobalSection(SolutionProperties) = preSolution
		HideSolutionNode = FALSE
	EndGlobalSection
	GlobalSection(NestedProjects) = preSolution
		{E43673E7-C2BE-4302-8B1C-4233E3685252} = {00C1EEE2-2EEB-4D64-94E0-C87D2CEA15EC}
		{E432CA78-F582-4783-A3F2-FACBCEA2E5B5} = {00C1EEE2-2EEB-4D64-94E0-C87D2CEA15EC}
	EndGlobalSection
	GlobalSection(ExtensibilityGlobals) = postSolution
		SolutionGuid = {EDEE4E81-2F79-464A-9ADC-74F97EFB140D}
	EndGlobalSection
EndGlobal
